
Microsoft Visual Studio Solution File, Format Version 12.00
# Visual Studio Version 16
VisualStudioVersion = 16.0.32126.315
MinimumVisualStudioVersion = 10.0.40219.1
Project("{FAE04EC0-301F-11D3-BF4B-00C04F79EFBC}") = "HW4 with methods", "HW4 with methods\HW4 with methods.csproj", "{91C98E12-A662-410F-8025-A4D7752FC369}"
EndProject
Global
	GlobalSection(SolutionConfigurationPlatforms) = preSolution
		Debug|Any CPU = Debug|Any CPU
		Release|Any CPU = Release|Any CPU
	EndGlobalSection
	GlobalSection(ProjectConfigurationPlatforms) = postSolution
		{91C98E12-A662-410F-8025-A4D7752FC369}.Debug|Any CPU.ActiveCfg = Debug|Any CPU
		{91C98E12-A662-410F-8025-A4D7752FC369}.Debug|Any CPU.Build.0 = Debug|Any CPU
		{91C98E12-A662-410F-8025-A4D7752FC369}.Release|Any CPU.ActiveCfg = Release|Any CPU
		{91C98E12-A662-410F-8025-A4D7752FC369}.Release|Any CPU.Build.0 = Release|Any CPU
	EndGlobalSection
	GlobalSection(SolutionProperties) = preSolution
		HideSolutionNode = FALSE
	EndGlobalSection
	GlobalSection(ExtensibilityGlobals) = postSolution
		SolutionGuid = {8269B536-0B5F-4A16-9187-0EC89EE44ADE}
	EndGlobalSection
EndGlobal
